
Microsoft Visual Studio Solution File, Format Version 12.00
# Visual Studio Version 16
VisualStudioVersion = 16.0.29920.165
MinimumVisualStudioVersion = 10.0.40219.1
Project("{FAE04EC0-301F-11D3-BF4B-00C04F79EFBC}") = "MethodsChallengeExerciseConsole", "MethodsChallengeExerciseConsole\MethodsChallengeExerciseConsole.csproj", "{10C847CC-C59A-4F45-ADB6-D2F91FA7AC3F}"
EndProject
Global
	GlobalSection(SolutionConfigurationPlatforms) = preSolution
		Debug|Any CPU = Debug|Any CPU
		Release|Any CPU = Release|Any CPU
	EndGlobalSection
	GlobalSection(ProjectConfigurationPlatforms) = postSolution
		{10C847CC-C59A-4F45-ADB6-D2F91FA7AC3F}.Debug|Any CPU.ActiveCfg = Debug|Any CPU
		{10C847CC-C59A-4F45-ADB6-D2F91FA7AC3F}.Debug|Any CPU.Build.0 = Debug|Any CPU
		{10C847CC-C59A-4F45-ADB6-D2F91FA7AC3F}.Release|Any CPU.ActiveCfg = Release|Any CPU
		{10C847CC-C59A-4F45-ADB6-D2F91FA7AC3F}.Release|Any CPU.Build.0 = Release|Any CPU
	EndGlobalSection
	GlobalSection(SolutionProperties) = preSolution
		HideSolutionNode = FALSE
	EndGlobalSection
	GlobalSection(ExtensibilityGlobals) = postSolution
		SolutionGuid = {20B736E2-1995-4F0F-AB61-F398E4F0FD52}
	EndGlobalSection
EndGlobal
